
Microsoft Visual Studio Solution File, Format Version 12.00
# Visual Studio Version 16
VisualStudioVersion = 16.0.29230.47
MinimumVisualStudioVersion = 10.0.40219.1
Project("{FAE04EC0-301F-11D3-BF4B-00C04F79EFBC}") = "CSprac19_Indexer", "CSprac19_Indexer.csproj", "{DD79FCAF-4599-4ACC-88C6-4C709DBBD01D}"
EndProject
Global
	GlobalSection(SolutionConfigurationPlatforms) = preSolution
		Debug|Any CPU = Debug|Any CPU
		Release|Any CPU = Release|Any CPU
	EndGlobalSection
	GlobalSection(ProjectConfigurationPlatforms) = postSolution
		{DD79FCAF-4599-4ACC-88C6-4C709DBBD01D}.Debug|Any CPU.ActiveCfg = Debug|Any CPU
		{DD79FCAF-4599-4ACC-88C6-4C709DBBD01D}.Debug|Any CPU.Build.0 = Debug|Any CPU
		{DD79FCAF-4599-4ACC-88C6-4C709DBBD01D}.Release|Any CPU.ActiveCfg = Release|Any CPU
		{DD79FCAF-4599-4ACC-88C6-4C709DBBD01D}.Release|Any CPU.Build.0 = Release|Any CPU
	EndGlobalSection
	GlobalSection(SolutionProperties) = preSolution
		HideSolutionNode = FALSE
	EndGlobalSection
	GlobalSection(ExtensibilityGlobals) = postSolution
		SolutionGuid = {AD5E813D-C02D-4664-A491-5FDCF6B4325C}
	EndGlobalSection
EndGlobal
